PODS:
  - Alamofire (4.8.0)
  - Swinject (2.5.0)
  - SwinjectAutoregistration (2.5.1):
    - Swinject (~> 2.5)

DEPENDENCIES:
  - Alamofire
  - Swinject
  - SwinjectAutoregistration

SPEC REPOS:
  https://github.com/cocoapods/specs.git:
    - Alamofire
    - Swinject
    - SwinjectAutoregistration

SPEC CHECKSUMS:
  Alamofire: 3ec537f71edc9804815215393ae2b1a8ea33a844
  Swinject: 82cdb851f63f91bba974e3eca1d69780f2f7677e
  SwinjectAutoregistration: f72bf894cbd2ee4a9153e00fa5208e93fb44d283

PODFILE CHECKSUM: d0572a2b8d530d9cfbd31de4c0d5c28d26c74694

COCOAPODS: 1.5.3
