// !$*UTF8*$!
{
	archiveVersion = 1;
	classes = {
	};
	objectVersion = 50;
	objects = {

/* Begin PBXBuildFile section */
		439677856516B0F6615B5209 /* Pods_C2Test.framework in Frameworks */ = {isa = PBXBuildFile; fileRef = 07D96B51018FCEAE3382A892 /* Pods_C2Test.framework */; };
		76BCE65221F5F05900C9FC62 /* AppDelegate.swift in Sources */ = {isa = PBXBuildFile; fileRef = 76BCE65121F5F05900C9FC62 /* AppDelegate.swift */; };
		76BCE65421F5F05900C9FC62 /* PhotosListVC.swift in Sources */ = {isa = PBXBuildFile; fileRef = 76BCE65321F5F05900C9FC62 /* PhotosListVC.swift */; };
		76BCE65921F5F05A00C9FC62 /* Assets.xcassets in Resources */ = {isa = PBXBuildFile; fileRef = 76BCE65821F5F05A00C9FC62 /* Assets.xcassets */; };
		76BCE65C21F5F05A00C9FC62 /* LaunchScreen.storyboard in Resources */ = {isa = PBXBuildFile; fileRef = 76BCE65A21F5F05A00C9FC62 /* LaunchScreen.storyboard */; };
		76BCE66721F5F05A00C9FC62 /* C2TestTests.swift in Sources */ = {isa = PBXBuildFile; fileRef = 76BCE66621F5F05A00C9FC62 /* C2TestTests.swift */; };
		76BCE67521F5F54300C9FC62 /* Assembly.swift in Sources */ = {isa = PBXBuildFile; fileRef = 76BCE67421F5F54300C9FC62 /* Assembly.swift */; };
		76BCE67A21F5FC1B00C9FC62 /* PhotosListViewModel.swift in Sources */ = {isa = PBXBuildFile; fileRef = 76BCE67921F5FC1B00C9FC62 /* PhotosListViewModel.swift */; };
		76BCE67F21F6036E00C9FC62 /* PhotosListInteractor.swift in Sources */ = {isa = PBXBuildFile; fileRef = 76BCE67E21F6036E00C9FC62 /* PhotosListInteractor.swift */; };
		76BCE68221F605AF00C9FC62 /* PhotoItem.swift in Sources */ = {isa = PBXBuildFile; fileRef = 76BCE68121F605AF00C9FC62 /* PhotoItem.swift */; };
		FF30200EFD99572A3A9A8AD0 /* Pods_C2TestTests.framework in Frameworks */ = {isa = PBXBuildFile; fileRef = 396844B9257750845DECD5E5 /* Pods_C2TestTests.framework */; };
/* End PBXBuildFile section */

/* Begin PBXContainerItemProxy section */
		76BCE66321F5F05A00C9FC62 /* PBXContainerItemProxy */ = {
			isa = PBXContainerItemProxy;
			containerPortal = 76BCE64621F5F05900C9FC62 /* Project object */;
			proxyType = 1;
			remoteGlobalIDString = 76BCE64D21F5F05900C9FC62;
			remoteInfo = C2Test;
		};
/* End PBXContainerItemProxy section */

/* Begin PBXFileReference section */
		0698E20E4A32586EBCDE1858 /* Pods-C2TestTests.debug.xcconfig */ = {isa = PBXFileReference; includeInIndex = 1; lastKnownFileType = text.xcconfig; name = "Pods-C2TestTests.debug.xcconfig"; path = "Pods/Target Support Files/Pods-C2TestTests/Pods-C2TestTests.debug.xcconfig"; sourceTree = "<group>"; };
		07D96B51018FCEAE3382A892 /* Pods_C2Test.framework */ = {isa = PBXFileReference; explicitFileType = wrapper.framework; includeInIndex = 0; path = Pods_C2Test.framework; sourceTree = BUILT_PRODUCTS_DIR; };
		0B0AF8286BBABF179003C506 /* Pods-C2Test.debug.xcconfig */ = {isa = PBXFileReference; includeInIndex = 1; lastKnownFileType = text.xcconfig; name = "Pods-C2Test.debug.xcconfig"; path = "Pods/Target Support Files/Pods-C2Test/Pods-C2Test.debug.xcconfig"; sourceTree = "<group>"; };
		396844B9257750845DECD5E5 /* Pods_C2TestTests.framework */ = {isa = PBXFileReference; explicitFileType = wrapper.framework; includeInIndex = 0; path = Pods_C2TestTests.framework; sourceTree = BUILT_PRODUCTS_DIR; };
		76BCE64E21F5F05900C9FC62 /* C2Test.app */ = {isa = PBXFileReference; explicitFileType = wrapper.application; includeInIndex = 0; path = C2Test.app; sourceTree = BUILT_PRODUCTS_DIR; };
		76BCE65121F5F05900C9FC62 /* AppDelegate.swift */ = {isa = PBXFileReference; lastKnownFileType = sourcecode.swift; path = AppDelegate.swift; sourceTree = "<group>"; };
		76BCE65321F5F05900C9FC62 /* PhotosListVC.swift */ = {isa = PBXFileReference; lastKnownFileType = sourcecode.swift; path = PhotosListVC.swift; sourceTree = "<group>"; };
		76BCE65821F5F05A00C9FC62 /* Assets.xcassets */ = {isa = PBXFileReference; lastKnownFileType = folder.assetcatalog; path = Assets.xcassets; sourceTree = "<group>"; };
		76BCE65B21F5F05A00C9FC62 /* Base */ = {isa = PBXFileReference; lastKnownFileType = file.storyboard; name = Base; path = Base.lproj/LaunchScreen.storyboard; sourceTree = "<group>"; };
		76BCE65D21F5F05A00C9FC62 /* Info.plist */ = {isa = PBXFileReference; lastKnownFileType = text.plist.xml; path = Info.plist; sourceTree = "<group>"; };
		76BCE66221F5F05A00C9FC62 /* C2TestTests.xctest */ = {isa = PBXFileReference; explicitFileType = wrapper.cfbundle; includeInIndex = 0; path = C2TestTests.xctest; sourceTree = BUILT_PRODUCTS_DIR; };
		76BCE66621F5F05A00C9FC62 /* C2TestTests.swift */ = {isa = PBXFileReference; lastKnownFileType = sourcecode.swift; path = C2TestTests.swift; sourceTree = "<group>"; };
		76BCE66821F5F05A00C9FC62 /* Info.plist */ = {isa = PBXFileReference; lastKnownFileType = text.plist.xml; path = Info.plist; sourceTree = "<group>"; };
		76BCE67421F5F54300C9FC62 /* Assembly.swift */ = {isa = PBXFileReference; lastKnownFileType = sourcecode.swift; path = Assembly.swift; sourceTree = "<group>"; };
		76BCE67921F5FC1B00C9FC62 /* PhotosListViewModel.swift */ = {isa = PBXFileReference; lastKnownFileType = sourcecode.swift; path = PhotosListViewModel.swift; sourceTree = "<group>"; };
		76BCE67E21F6036E00C9FC62 /* PhotosListInteractor.swift */ = {isa = PBXFileReference; lastKnownFileType = sourcecode.swift; path = PhotosListInteractor.swift; sourceTree = "<group>"; };
		76BCE68121F605AF00C9FC62 /* PhotoItem.swift */ = {isa = PBXFileReference; lastKnownFileType = sourcecode.swift; path = PhotoItem.swift; sourceTree = "<group>"; };
		B8F025BDFBB8DD1E71735D50 /* Pods-C2Test.release.xcconfig */ = {isa = PBXFileReference; includeInIndex = 1; lastKnownFileType = text.xcconfig; name = "Pods-C2Test.release.xcconfig"; path = "Pods/Target Support Files/Pods-C2Test/Pods-C2Test.release.xcconfig"; sourceTree = "<group>"; };
		C583C1763F3AA44BFD170141 /* Pods-C2TestTests.release.xcconfig */ = {isa = PBXFileReference; includeInIndex = 1; lastKnownFileType = text.xcconfig; name = "Pods-C2TestTests.release.xcconfig"; path = "Pods/Target Support Files/Pods-C2TestTests/Pods-C2TestTests.release.xcconfig"; sourceTree = "<group>"; };
/* End PBXFileReference section */

/* Begin PBXFrameworksBuildPhase section */
		76BCE64B21F5F05900C9FC62 /* Frameworks */ = {
			isa = PBXFrameworksBuildPhase;
			buildActionMask = 2147483647;
			files = (
				439677856516B0F6615B5209 /* Pods_C2Test.framework in Frameworks */,
			);
			runOnlyForDeploymentPostprocessing = 0;
		};
		76BCE65F21F5F05A00C9FC62 /* Frameworks */ = {
			isa = PBXFrameworksBuildPhase;
			buildActionMask = 2147483647;
			files = (
				FF30200EFD99572A3A9A8AD0 /* Pods_C2TestTests.framework in Frameworks */,
			);
			runOnlyForDeploymentPostprocessing = 0;
		};
/* End PBXFrameworksBuildPhase section */

/* Begin PBXGroup section */
		401F47250698052C32E5FE96 /* Frameworks */ = {
			isa = PBXGroup;
			children = (
				07D96B51018FCEAE3382A892 /* Pods_C2Test.framework */,
				396844B9257750845DECD5E5 /* Pods_C2TestTests.framework */,
			);
			name = Frameworks;
			sourceTree = "<group>";
		};
		452E381954EBDC2A1AC6DEC5 /* Pods */ = {
			isa = PBXGroup;
			children = (
				0B0AF8286BBABF179003C506 /* Pods-C2Test.debug.xcconfig */,
				B8F025BDFBB8DD1E71735D50 /* Pods-C2Test.release.xcconfig */,
				0698E20E4A32586EBCDE1858 /* Pods-C2TestTests.debug.xcconfig */,
				C583C1763F3AA44BFD170141 /* Pods-C2TestTests.release.xcconfig */,
			);
			name = Pods;
			sourceTree = "<group>";
		};
		76BCE64521F5F05900C9FC62 = {
			isa = PBXGroup;
			children = (
				76BCE65021F5F05900C9FC62 /* C2Test */,
				76BCE66521F5F05A00C9FC62 /* C2TestTests */,
				76BCE64F21F5F05900C9FC62 /* Products */,
				452E381954EBDC2A1AC6DEC5 /* Pods */,
				401F47250698052C32E5FE96 /* Frameworks */,
			);
			sourceTree = "<group>";
		};
		76BCE64F21F5F05900C9FC62 /* Products */ = {
			isa = PBXGroup;
			children = (
				76BCE64E21F5F05900C9FC62 /* C2Test.app */,
				76BCE66221F5F05A00C9FC62 /* C2TestTests.xctest */,
			);
			name = Products;
			sourceTree = "<group>";
		};
		76BCE65021F5F05900C9FC62 /* C2Test */ = {
			isa = PBXGroup;
			children = (
				76BCE68021F6059500C9FC62 /* Entities */,
				76BCE67D21F6034900C9FC62 /* Interactors */,
				76BCE67821F5FBFF00C9FC62 /* ViewModels */,
				76BCE67321F5F51700C9FC62 /* Dependency Injection */,
				76BCE67221F5F4A000C9FC62 /* ViewControllers */,
				76BCE65121F5F05900C9FC62 /* AppDelegate.swift */,
				76BCE65821F5F05A00C9FC62 /* Assets.xcassets */,
				76BCE65A21F5F05A00C9FC62 /* LaunchScreen.storyboard */,
				76BCE65D21F5F05A00C9FC62 /* Info.plist */,
			);
			path = C2Test;
			sourceTree = "<group>";
		};
		76BCE66521F5F05A00C9FC62 /* C2TestTests */ = {
			isa = PBXGroup;
			children = (
				76BCE66621F5F05A00C9FC62 /* C2TestTests.swift */,
				76BCE66821F5F05A00C9FC62 /* Info.plist */,
			);
			path = C2TestTests;
			sourceTree = "<group>";
		};
		76BCE67221F5F4A000C9FC62 /* ViewControllers */ = {
			isa = PBXGroup;
			children = (
				76BCE65321F5F05900C9FC62 /* PhotosListVC.swift */,
			);
			path = ViewControllers;
			sourceTree = "<group>";
		};
		76BCE67321F5F51700C9FC62 /* Dependency Injection */ = {
			isa = PBXGroup;
			children = (
				76BCE67421F5F54300C9FC62 /* Assembly.swift */,
			);
			path = "Dependency Injection";
			sourceTree = "<group>";
		};
		76BCE67821F5FBFF00C9FC62 /* ViewModels */ = {
			isa = PBXGroup;
			children = (
				76BCE67921F5FC1B00C9FC62 /* PhotosListViewModel.swift */,
			);
			path = ViewModels;
			sourceTree = "<group>";
		};
		76BCE67D21F6034900C9FC62 /* Interactors */ = {
			isa = PBXGroup;
			children = (
				76BCE67E21F6036E00C9FC62 /* PhotosListInteractor.swift */,
			);
			path = Interactors;
			sourceTree = "<group>";
		};
		76BCE68021F6059500C9FC62 /* Entities */ = {
			isa = PBXGroup;
			children = (
				76BCE68121F605AF00C9FC62 /* PhotoItem.swift */,
			);
			path = Entities;
			sourceTree = "<group>";
		};
/* End PBXGroup section */

/* Begin PBXNativeTarget section */
		76BCE64D21F5F05900C9FC62 /* C2Test */ = {
			isa = PBXNativeTarget;
			buildConfigurationList = 76BCE66B21F5F05A00C9FC62 /* Build configuration list for PBXNativeTarget "C2Test" */;
			buildPhases = (
				0E46D72659754E92B4B8531B /* [CP] Check Pods Manifest.lock */,
				76BCE64A21F5F05900C9FC62 /* Sources */,
				76BCE64B21F5F05900C9FC62 /* Frameworks */,
				76BCE64C21F5F05900C9FC62 /* Resources */,
				F82686538B469770A9C6958A /* [CP] Embed Pods Frameworks */,
			);
			buildRules = (
			);
			dependencies = (
			);
			name = C2Test;
			productName = C2Test;
			productReference = 76BCE64E21F5F05900C9FC62 /* C2Test.app */;
			productType = "com.apple.product-type.application";
		};
		76BCE66121F5F05A00C9FC62 /* C2TestTests */ = {
			isa = PBXNativeTarget;
			buildConfigurationList = 76BCE66E21F5F05A00C9FC62 /* Build configuration list for PBXNativeTarget "C2TestTests" */;
			buildPhases = (
				58AA05B21DAC80C256EBDD1A /* [CP] Check Pods Manifest.lock */,
				76BCE65E21F5F05A00C9FC62 /* Sources */,
				76BCE65F21F5F05A00C9FC62 /* Frameworks */,
				76BCE66021F5F05A00C9FC62 /* Resources */,
			);
			buildRules = (
			);
			dependencies = (
				76BCE66421F5F05A00C9FC62 /* PBXTargetDependency */,
			);
			name = C2TestTests;
			productName = C2TestTests;
			productReference = 76BCE66221F5F05A00C9FC62 /* C2TestTests.xctest */;
			productType = "com.apple.product-type.bundle.unit-test";
		};
/* End PBXNativeTarget section */

/* Begin PBXProject section */
		76BCE64621F5F05900C9FC62 /* Project object */ = {
			isa = PBXProject;
			attributes = {
				LastSwiftUpdateCheck = 1010;
				LastUpgradeCheck = 1010;
				TargetAttributes = {
					76BCE64D21F5F05900C9FC62 = {
						CreatedOnToolsVersion = 10.1;
					};
					76BCE66121F5F05A00C9FC62 = {
						CreatedOnToolsVersion = 10.1;
						TestTargetID = 76BCE64D21F5F05900C9FC62;
					};
				};
			};
			buildConfigurationList = 76BCE64921F5F05900C9FC62 /* Build configuration list for PBXProject "C2Test" */;
			compatibilityVersion = "Xcode 9.3";
			developmentRegion = en;
			hasScannedForEncodings = 0;
			knownRegions = (
				en,
				Base,
			);
			mainGroup = 76BCE64521F5F05900C9FC62;
			productRefGroup = 76BCE64F21F5F05900C9FC62 /* Products */;
			projectDirPath = "";
			projectRoot = "";
			targets = (
				76BCE64D21F5F05900C9FC62 /* C2Test */,
				76BCE66121F5F05A00C9FC62 /* C2TestTests */,
			);
		};
/* End PBXProject section */

/* Begin PBXResourcesBuildPhase section */
		76BCE64C21F5F05900C9FC62 /* Resources */ = {
			isa = PBXResourcesBuildPhase;
			buildActionMask = 2147483647;
			files = (
				76BCE65C21F5F05A00C9FC62 /* LaunchScreen.storyboard in Resources */,
				76BCE65921F5F05A00C9FC62 /* Assets.xcassets in Resources */,
			);
			runOnlyForDeploymentPostprocessing = 0;
		};
		76BCE66021F5F05A00C9FC62 /* Resources */ = {
			isa = PBXResourcesBuildPhase;
			buildActionMask = 2147483647;
			files = (
			);
			runOnlyForDeploymentPostprocessing = 0;
		};
/* End PBXResourcesBuildPhase section */

/* Begin PBXShellScriptBuildPhase section */
		0E46D72659754E92B4B8531B /* [CP] Check Pods Manifest.lock */ = {
			isa = PBXShellScriptBuildPhase;
			buildActionMask = 2147483647;
			files = (
			);
			inputPaths = (
				"${PODS_PODFILE_DIR_PATH}/Podfile.lock",
				"${PODS_ROOT}/Manifest.lock",
			);
			name = "[CP] Check Pods Manifest.lock";
			outputPaths = (
				"$(DERIVED_FILE_DIR)/Pods-C2Test-checkManifestLockResult.txt",
			);
			runOnlyForDeploymentPostprocessing = 0;
			shellPath = /bin/sh;
			shellScript = "diff \"${PODS_PODFILE_DIR_PATH}/Podfile.lock\" \"${PODS_ROOT}/Manifest.lock\" > /dev/null\nif [ $? != 0 ] ; then\n    # print error to STDERR\n    echo \"error: The sandbox is not in sync with the Podfile.lock. Run 'pod install' or update your CocoaPods installation.\" >&2\n    exit 1\nfi\n# This output is used by Xcode 'outputs' to avoid re-running this script phase.\necho \"SUCCESS\" > \"${SCRIPT_OUTPUT_FILE_0}\"\n";
			showEnvVarsInLog = 0;
		};
		58AA05B21DAC80C256EBDD1A /* [CP] Check Pods Manifest.lock */ = {
			isa = PBXShellScriptBuildPhase;
			buildActionMask = 2147483647;
			files = (
			);
			inputPaths = (
				"${PODS_PODFILE_DIR_PATH}/Podfile.lock",
				"${PODS_ROOT}/Manifest.lock",
			);
			name = "[CP] Check Pods Manifest.lock";
			outputPaths = (
				"$(DERIVED_FILE_DIR)/Pods-C2TestTests-checkManifestLockResult.txt",
			);
			runOnlyForDeploymentPostprocessing = 0;
			shellPath = /bin/sh;
			shellScript = "diff \"${PODS_PODFILE_DIR_PATH}/Podfile.lock\" \"${PODS_ROOT}/Manifest.lock\" > /dev/null\nif [ $? != 0 ] ; then\n    # print error to STDERR\n    echo \"error: The sandbox is not in sync with the Podfile.lock. Run 'pod install' or update your CocoaPods installation.\" >&2\n    exit 1\nfi\n# This output is used by Xcode 'outputs' to avoid re-running this script phase.\necho \"SUCCESS\" > \"${SCRIPT_OUTPUT_FILE_0}\"\n";
			showEnvVarsInLog = 0;
		};
		F82686538B469770A9C6958A /* [CP] Embed Pods Frameworks */ = {
			isa = PBXShellScriptBuildPhase;
			buildActionMask = 2147483647;
			files = (
			);
			inputPaths = (
				"${SRCROOT}/Pods/Target Support Files/Pods-C2Test/Pods-C2Test-frameworks.sh",
				"${BUILT_PRODUCTS_DIR}/Alamofire/Alamofire.framework",
				"${BUILT_PRODUCTS_DIR}/Cartography/Cartography.framework",
				"${BUILT_PRODUCTS_DIR}/Swinject/Swinject.framework",
				"${BUILT_PRODUCTS_DIR}/SwinjectAutoregistration/SwinjectAutoregistration.framework",
			);
			name = "[CP] Embed Pods Frameworks";
			outputPaths = (
				"${TARGET_BUILD_DIR}/${FRAMEWORKS_FOLDER_PATH}/Alamofire.framework",
				"${TARGET_BUILD_DIR}/${FRAMEWORKS_FOLDER_PATH}/Cartography.framework",
				"${TARGET_BUILD_DIR}/${FRAMEWORKS_FOLDER_PATH}/Swinject.framework",
				"${TARGET_BUILD_DIR}/${FRAMEWORKS_FOLDER_PATH}/SwinjectAutoregistration.framework",
			);
			runOnlyForDeploymentPostprocessing = 0;
			shellPath = /bin/sh;
			shellScript = "\"${SRCROOT}/Pods/Target Support Files/Pods-C2Test/Pods-C2Test-frameworks.sh\"\n";
			showEnvVarsInLog = 0;
		};
/* End PBXShellScriptBuildPhase section */

/* Begin PBXSourcesBuildPhase section */
		76BCE64A21F5F05900C9FC62 /* Sources */ = {
			isa = PBXSourcesBuildPhase;
			buildActionMask = 2147483647;
			files = (
				76BCE65421F5F05900C9FC62 /* PhotosListVC.swift in Sources */,
				76BCE67A21F5FC1B00C9FC62 /* PhotosListViewModel.swift in Sources */,
				76BCE67F21F6036E00C9FC62 /* PhotosListInteractor.swift in Sources */,
				76BCE67521F5F54300C9FC62 /* Assembly.swift in Sources */,
				76BCE65221F5F05900C9FC62 /* AppDelegate.swift in Sources */,
				76BCE68221F605AF00C9FC62 /* PhotoItem.swift in Sources */,
			);
			runOnlyForDeploymentPostprocessing = 0;
		};
		76BCE65E21F5F05A00C9FC62 /* Sources */ = {
			isa = PBXSourcesBuildPhase;
			buildActionMask = 2147483647;
			files = (
				76BCE66721F5F05A00C9FC62 /* C2TestTests.swift in Sources */,
			);
			runOnlyForDeploymentPostprocessing = 0;
		};
/* End PBXSourcesBuildPhase section */

/* Begin PBXTargetDependency section */
		76BCE66421F5F05A00C9FC62 /* PBXTargetDependency */ = {
			isa = PBXTargetDependency;
			target = 76BCE64D21F5F05900C9FC62 /* C2Test */;
			targetProxy = 76BCE66321F5F05A00C9FC62 /* PBXContainerItemProxy */;
		};
/* End PBXTargetDependency section */

/* Begin PBXVariantGroup section */
		76BCE65A21F5F05A00C9FC62 /* LaunchScreen.storyboard */ = {
			isa = PBXVariantGroup;
			children = (
				76BCE65B21F5F05A00C9FC62 /* Base */,
			);
			name = LaunchScreen.storyboard;
			sourceTree = "<group>";
		};
/* End PBXVariantGroup section */

/* Begin XCBuildConfiguration section */
		76BCE66921F5F05A00C9FC62 /* Debug */ = {
			isa = XCBuildConfiguration;
			buildSettings = {
				ALWAYS_SEARCH_USER_PATHS = NO;
				CLANG_ANALYZER_NONNULL = YES;
				CLANG_ANALYZER_NUMBER_OBJECT_CONVERSION = YES_AGGRESSIVE;
				CLANG_CXX_LANGUAGE_STANDARD = "gnu++14";
				CLANG_CXX_LIBRARY = "libc++";
				CLANG_ENABLE_MODULES = YES;
				CLANG_ENABLE_OBJC_ARC = YES;
				CLANG_ENABLE_OBJC_WEAK = YES;
				CLANG_WARN_BLOCK_CAPTURE_AUTORELEASING = YES;
				CLANG_WARN_BOOL_CONVERSION = YES;
				CLANG_WARN_COMMA = YES;
				CLANG_WARN_CONSTANT_CONVERSION = YES;
				CLANG_WARN_DEPRECATED_OBJC_IMPLEMENTATIONS = YES;
				CLANG_WARN_DIRECT_OBJC_ISA_USAGE = YES_ERROR;
				CLANG_WARN_DOCUMENTATION_COMMENTS = YES;
				CLANG_WARN_EMPTY_BODY = YES;
				CLANG_WARN_ENUM_CONVERSION = YES;
				CLANG_WARN_INFINITE_RECURSION = YES;
				CLANG_WARN_INT_CONVERSION = YES;
				CLANG_WARN_NON_LITERAL_NULL_CONVERSION = YES;
				CLANG_WARN_OBJC_IMPLICIT_RETAIN_SELF = YES;
				CLANG_WARN_OBJC_LITERAL_CONVERSION = YES;
				CLANG_WARN_OBJC_ROOT_CLASS = YES_ERROR;
				CLANG_WARN_RANGE_LOOP_ANALYSIS = YES;
				CLANG_WARN_STRICT_PROTOTYPES = YES;
				CLANG_WARN_SUSPICIOUS_MOVE = YES;
				CLANG_WARN_UNGUARDED_AVAILABILITY = YES_AGGRESSIVE;
				CLANG_WARN_UNREACHABLE_CODE = YES;
				CLANG_WARN__DUPLICATE_METHOD_MATCH = YES;
				CODE_SIGN_IDENTITY = "iPhone Developer";
				COPY_PHASE_STRIP = NO;
				DEBUG_INFORMATION_FORMAT = dwarf;
				ENABLE_STRICT_OBJC_MSGSEND = YES;
				ENABLE_TESTABILITY = YES;
				GCC_C_LANGUAGE_STANDARD = gnu11;
				GCC_DYNAMIC_NO_PIC = NO;
				GCC_NO_COMMON_BLOCKS = YES;
				GCC_OPTIMIZATION_LEVEL = 0;
				GCC_PREPROCESSOR_DEFINITIONS = (
					"DEBUG=1",
					"$(inherited)",
				);
				GCC_WARN_64_TO_32_BIT_CONVERSION = YES;
				GCC_WARN_ABOUT_RETURN_TYPE = YES_ERROR;
				GCC_WARN_UNDECLARED_SELECTOR = YES;
				GCC_WARN_UNINITIALIZED_AUTOS = YES_AGGRESSIVE;
				GCC_WARN_UNUSED_FUNCTION = YES;
				GCC_WARN_UNUSED_VARIABLE = YES;
				IPHONEOS_DEPLOYMENT_TARGET = 12.1;
				MTL_ENABLE_DEBUG_INFO = INCLUDE_SOURCE;
				MTL_FAST_MATH = YES;
				ONLY_ACTIVE_ARCH = YES;
				SDKROOT = iphoneos;
				SWIFT_ACTIVE_COMPILATION_CONDITIONS = DEBUG;
				SWIFT_OPTIMIZATION_LEVEL = "-Onone";
			};
			name = Debug;
		};
		76BCE66A21F5F05A00C9FC62 /* Release */ = {
			isa = XCBuildConfiguration;
			buildSettings = {
				ALWAYS_SEARCH_USER_PATHS = NO;
				CLANG_ANALYZER_NONNULL = YES;
				CLANG_ANALYZER_NUMBER_OBJECT_CONVERSION = YES_AGGRESSIVE;
				CLANG_CXX_LANGUAGE_STANDARD = "gnu++14";
				CLANG_CXX_LIBRARY = "libc++";
				CLANG_ENABLE_MODULES = YES;
				CLANG_ENABLE_OBJC_ARC = YES;
				CLANG_ENABLE_OBJC_WEAK = YES;
				CLANG_WARN_BLOCK_CAPTURE_AUTORELEASING = YES;
				CLANG_WARN_BOOL_CONVERSION = YES;
				CLANG_WARN_COMMA = YES;
				CLANG_WARN_CONSTANT_CONVERSION = YES;
				CLANG_WARN_DEPRECATED_OBJC_IMPLEMENTATIONS = YES;
				CLANG_WARN_DIRECT_OBJC_ISA_USAGE = YES_ERROR;
				CLANG_WARN_DOCUMENTATION_COMMENTS = YES;
				CLANG_WARN_EMPTY_BODY = YES;
				CLANG_WARN_ENUM_CONVERSION = YES;
				CLANG_WARN_INFINITE_RECURSION = YES;
				CLANG_WARN_INT_CONVERSION = YES;
				CLANG_WARN_NON_LITERAL_NULL_CONVERSION = YES;
				CLANG_WARN_OBJC_IMPLICIT_RETAIN_SELF = YES;
				CLANG_WARN_OBJC_LITERAL_CONVERSION = YES;
				CLANG_WARN_OBJC_ROOT_CLASS = YES_ERROR;
				CLANG_WARN_RANGE_LOOP_ANALYSIS = YES;
				CLANG_WARN_STRICT_PROTOTYPES = YES;
				CLANG_WARN_SUSPICIOUS_MOVE = YES;
				CLANG_WARN_UNGUARDED_AVAILABILITY = YES_AGGRESSIVE;
				CLANG_WARN_UNREACHABLE_CODE = YES;
				CLANG_WARN__DUPLICATE_METHOD_MATCH = YES;
				CODE_SIGN_IDENTITY = "iPhone Developer";
				COPY_PHASE_STRIP = NO;
				DEBUG_INFORMATION_FORMAT = "dwarf-with-dsym";
				ENABLE_NS_ASSERTIONS = NO;
				ENABLE_STRICT_OBJC_MSGSEND = YES;
				GCC_C_LANGUAGE_STANDARD = gnu11;
				GCC_NO_COMMON_BLOCKS = YES;
				GCC_WARN_64_TO_32_BIT_CONVERSION = YES;
				GCC_WARN_ABOUT_RETURN_TYPE = YES_ERROR;
				GCC_WARN_UNDECLARED_SELECTOR = YES;
				GCC_WARN_UNINITIALIZED_AUTOS = YES_AGGRESSIVE;
				GCC_WARN_UNUSED_FUNCTION = YES;
				GCC_WARN_UNUSED_VARIABLE = YES;
				IPHONEOS_DEPLOYMENT_TARGET = 12.1;
				MTL_ENABLE_DEBUG_INFO = NO;
				MTL_FAST_MATH = YES;
				SDKROOT = iphoneos;
				SWIFT_COMPILATION_MODE = wholemodule;
				SWIFT_OPTIMIZATION_LEVEL = "-O";
				VALIDATE_PRODUCT = YES;
			};
			name = Release;
		};
		76BCE66C21F5F05A00C9FC62 /* Debug */ = {
			isa = XCBuildConfiguration;
			baseConfigurationReference = 0B0AF8286BBABF179003C506 /* Pods-C2Test.debug.xcconfig */;
			buildSettings = {
				ASSETCATALOG_COMPILER_APPICON_NAME = AppIcon;
				CODE_SIGN_STYLE = Automatic;
				INFOPLIST_FILE = C2Test/Info.plist;
				LD_RUNPATH_SEARCH_PATHS = (
					"$(inherited)",
					"@executable_path/Frameworks",
				);
				PRODUCT_BUNDLE_IDENTIFIER = orMenashe.C2Test;
				PRODUCT_NAME = "$(TARGET_NAME)";
				SWIFT_VERSION = 4.2;
				TARGETED_DEVICE_FAMILY = "1,2";
			};
			name = Debug;
		};
		76BCE66D21F5F05A00C9FC62 /* Release */ = {
			isa = XCBuildConfiguration;
			baseConfigurationReference = B8F025BDFBB8DD1E71735D50 /* Pods-C2Test.release.xcconfig */;
			buildSettings = {
				ASSETCATALOG_COMPILER_APPICON_NAME = AppIcon;
				CODE_SIGN_STYLE = Automatic;
				INFOPLIST_FILE = C2Test/Info.plist;
				LD_RUNPATH_SEARCH_PATHS = (
					"$(inherited)",
					"@executable_path/Frameworks",
				);
				PRODUCT_BUNDLE_IDENTIFIER = orMenashe.C2Test;
				PRODUCT_NAME = "$(TARGET_NAME)";
				SWIFT_VERSION = 4.2;
				TARGETED_DEVICE_FAMILY = "1,2";
			};
			name = Release;
		};
		76BCE66F21F5F05A00C9FC62 /* Debug */ = {
			isa = XCBuildConfiguration;
			baseConfigurationReference = 0698E20E4A32586EBCDE1858 /* Pods-C2TestTests.debug.xcconfig */;
			buildSettings = {
				ALWAYS_EMBED_SWIFT_STANDARD_LIBRARIES = YES;
				BUNDLE_LOADER = "$(TEST_HOST)";
				CODE_SIGN_STYLE = Automatic;
				INFOPLIST_FILE = C2TestTests/Info.plist;
				LD_RUNPATH_SEARCH_PATHS = (
					"$(inherited)",
					"@executable_path/Frameworks",
					"@loader_path/Frameworks",
				);
				PRODUCT_BUNDLE_IDENTIFIER = orMenashe.C2TestTests;
				PRODUCT_NAME = "$(TARGET_NAME)";
				SWIFT_VERSION = 4.2;
				TARGETED_DEVICE_FAMILY = "1,2";
				TEST_HOST = "$(BUILT_PRODUCTS_DIR)/C2Test.app/C2Test";
			};
			name = Debug;
		};
		76BCE67021F5F05A00C9FC62 /* Release */ = {
			isa = XCBuildConfiguration;
			baseConfigurationReference = C583C1763F3AA44BFD170141 /* Pods-C2TestTests.release.xcconfig */;
			buildSettings = {
				ALWAYS_EMBED_SWIFT_STANDARD_LIBRARIES = YES;
				BUNDLE_LOADER = "$(TEST_HOST)";
				CODE_SIGN_STYLE = Automatic;
				INFOPLIST_FILE = C2TestTests/Info.plist;
				LD_RUNPATH_SEARCH_PATHS = (
					"$(inherited)",
					"@executable_path/Frameworks",
					"@loader_path/Frameworks",
				);
				PRODUCT_BUNDLE_IDENTIFIER = orMenashe.C2TestTests;
				PRODUCT_NAME = "$(TARGET_NAME)";
				SWIFT_VERSION = 4.2;
				TARGETED_DEVICE_FAMILY = "1,2";
				TEST_HOST = "$(BUILT_PRODUCTS_DIR)/C2Test.app/C2Test";
			};
			name = Release;
		};
/* End XCBuildConfiguration section */

/* Begin XCConfigurationList section */
		76BCE64921F5F05900C9FC62 /* Build configuration list for PBXProject "C2Test" */ = {
			isa = XCConfigurationList;
			buildConfigurations = (
				76BCE66921F5F05A00C9FC62 /* Debug */,
				76BCE66A21F5F05A00C9FC62 /* Release */,
			);
			defaultConfigurationIsVisible = 0;
			defaultConfigurationName = Release;
		};
		76BCE66B21F5F05A00C9FC62 /* Build configuration list for PBXNativeTarget "C2Test" */ = {
			isa = XCConfigurationList;
			buildConfigurations = (
				76BCE66C21F5F05A00C9FC62 /* Debug */,
				76BCE66D21F5F05A00C9FC62 /* Release */,
			);
			defaultConfigurationIsVisible = 0;
			defaultConfigurationName = Release;
		};
		76BCE66E21F5F05A00C9FC62 /* Build configuration list for PBXNativeTarget "C2TestTests" */ = {
			isa = XCConfigurationList;
			buildConfigurations = (
				76BCE66F21F5F05A00C9FC62 /* Debug */,
				76BCE67021F5F05A00C9FC62 /* Release */,
			);
			defaultConfigurationIsVisible = 0;
			defaultConfigurationName = Release;
		};
/* End XCConfigurationList section */
	};
	rootObject = 76BCE64621F5F05900C9FC62 /* Project object */;
}
